
Microsoft Visual Studio Solution File, Format Version 12.00
# Visual Studio Version 16
VisualStudioVersion = 16.0.29215.179
MinimumVisualStudioVersion = 10.0.40219.1
Project("{FAE04EC0-301F-11D3-BF4B-00C04F79EFBC}") = "CitationNeeded.WebApp", "CitationNeeded.WebApp\CitationNeeded.WebApp.csproj", "{C591C69A-B478-4E2F-B081-926A78F6377C}"
EndProject
Global
	GlobalSection(SolutionConfigurationPlatforms) = preSolution
		Debug|Any CPU = Debug|Any CPU
		Release|Any CPU = Release|Any CPU
	EndGlobalSection
	GlobalSection(ProjectConfigurationPlatforms) = postSolution
		{C591C69A-B478-4E2F-B081-926A78F6377C}.Debug|Any CPU.ActiveCfg = Debug|Any CPU
		{C591C69A-B478-4E2F-B081-926A78F6377C}.Debug|Any CPU.Build.0 = Debug|Any CPU
		{C591C69A-B478-4E2F-B081-926A78F6377C}.Release|Any CPU.ActiveCfg = Release|Any CPU
		{C591C69A-B478-4E2F-B081-926A78F6377C}.Release|Any CPU.Build.0 = Release|Any CPU
	EndGlobalSection
	GlobalSection(SolutionProperties) = preSolution
		HideSolutionNode = FALSE
	EndGlobalSection
	GlobalSection(ExtensibilityGlobals) = postSolution
		SolutionGuid = {0AE6E11E-615A-439E-9673-6AE1C04C2E48}
	EndGlobalSection
EndGlobal
