
Microsoft Visual Studio Solution File, Format Version 12.00
# Visual Studio Version 16
VisualStudioVersion = 16.0.29215.179
MinimumVisualStudioVersion = 10.0.40219.1
Project("{9A19103F-16F7-4668-BE54-9A1E7A4F7556}") = "CitationNeeded.WebApp", "CitationNeeded.WebApp\CitationNeeded.WebApp.csproj", "{C591C69A-B478-4E2F-B081-926A78F6377C}"
EndProject
Project("{2150E333-8FDC-42A3-9474-1A3956D46DE8}") = "4_App", "4_App", "{A590FFB4-A275-45C0-AED1-DF19709506EC}"
EndProject
Project("{2150E333-8FDC-42A3-9474-1A3956D46DE8}") = "0_Documents", "0_Documents", "{99E487B6-6403-4AEA-BB33-73A6C4BF5D36}"
	ProjectSection(SolutionItems) = preProject
		TextFile1.txt = TextFile1.txt
	EndProjectSection
EndProject
Project("{2150E333-8FDC-42A3-9474-1A3956D46DE8}") = "1_Domain", "1_Domain", "{D682E1A0-787B-4136-A1F8-551D240D6B61}"
EndProject
Project("{2150E333-8FDC-42A3-9474-1A3956D46DE8}") = "2_BL", "2_BL", "{E07ABC9F-9DAB-47E8-93A8-22455B530408}"
EndProject
Project("{2150E333-8FDC-42A3-9474-1A3956D46DE8}") = "3_Infrastructure", "3_Infrastructure", "{6FA8F2BB-EA2B-4DA2-AB18-AE77DF9C2112}"
EndProject
Project("{9A19103F-16F7-4668-BE54-9A1E7A4F7556}") = "CitationNeeded.Domain", "CitationNeeded.Domain\CitationNeeded.Domain.csproj", "{3991D333-CC85-4DC2-8D38-4B53FBC0BC2D}"
EndProject
Project("{9A19103F-16F7-4668-BE54-9A1E7A4F7556}") = "CitationNeeded.Database", "CitationNeeded.Database\CitationNeeded.Database.csproj", "{B90B4331-8744-4DE7-BBD6-EE940A61ADE4}"
EndProject
Project("{FAE04EC0-301F-11D3-BF4B-00C04F79EFBC}") = "CitationNeeded.Cryptography", "CitationNeeded.Cryptography\CitationNeeded.Cryptography.csproj", "{D0F66CB7-1C0D-4369-A2D5-B8319F5F59D1}"
EndProject
Global
	GlobalSection(SolutionConfigurationPlatforms) = preSolution
		Debug|Any CPU = Debug|Any CPU
		Release|Any CPU = Release|Any CPU
	EndGlobalSection
	GlobalSection(ProjectConfigurationPlatforms) = postSolution
		{C591C69A-B478-4E2F-B081-926A78F6377C}.Debug|Any CPU.ActiveCfg = Debug|Any CPU
		{C591C69A-B478-4E2F-B081-926A78F6377C}.Debug|Any CPU.Build.0 = Debug|Any CPU
		{C591C69A-B478-4E2F-B081-926A78F6377C}.Release|Any CPU.ActiveCfg = Release|Any CPU
		{C591C69A-B478-4E2F-B081-926A78F6377C}.Release|Any CPU.Build.0 = Release|Any CPU
		{3991D333-CC85-4DC2-8D38-4B53FBC0BC2D}.Debug|Any CPU.ActiveCfg = Debug|Any CPU
		{3991D333-CC85-4DC2-8D38-4B53FBC0BC2D}.Debug|Any CPU.Build.0 = Debug|Any CPU
		{3991D333-CC85-4DC2-8D38-4B53FBC0BC2D}.Release|Any CPU.ActiveCfg = Release|Any CPU
		{3991D333-CC85-4DC2-8D38-4B53FBC0BC2D}.Release|Any CPU.Build.0 = Release|Any CPU
		{B90B4331-8744-4DE7-BBD6-EE940A61ADE4}.Debug|Any CPU.ActiveCfg = Debug|Any CPU
		{B90B4331-8744-4DE7-BBD6-EE940A61ADE4}.Debug|Any CPU.Build.0 = Debug|Any CPU
		{B90B4331-8744-4DE7-BBD6-EE940A61ADE4}.Release|Any CPU.ActiveCfg = Release|Any CPU
		{B90B4331-8744-4DE7-BBD6-EE940A61ADE4}.Release|Any CPU.Build.0 = Release|Any CPU
		{D0F66CB7-1C0D-4369-A2D5-B8319F5F59D1}.Debug|Any CPU.ActiveCfg = Debug|Any CPU
		{D0F66CB7-1C0D-4369-A2D5-B8319F5F59D1}.Debug|Any CPU.Build.0 = Debug|Any CPU
		{D0F66CB7-1C0D-4369-A2D5-B8319F5F59D1}.Release|Any CPU.ActiveCfg = Release|Any CPU
		{D0F66CB7-1C0D-4369-A2D5-B8319F5F59D1}.Release|Any CPU.Build.0 = Release|Any CPU
	EndGlobalSection
	GlobalSection(SolutionProperties) = preSolution
		HideSolutionNode = FALSE
	EndGlobalSection
	GlobalSection(NestedProjects) = preSolution
		{C591C69A-B478-4E2F-B081-926A78F6377C} = {A590FFB4-A275-45C0-AED1-DF19709506EC}
		{3991D333-CC85-4DC2-8D38-4B53FBC0BC2D} = {D682E1A0-787B-4136-A1F8-551D240D6B61}
		{B90B4331-8744-4DE7-BBD6-EE940A61ADE4} = {6FA8F2BB-EA2B-4DA2-AB18-AE77DF9C2112}
		{D0F66CB7-1C0D-4369-A2D5-B8319F5F59D1} = {6FA8F2BB-EA2B-4DA2-AB18-AE77DF9C2112}
	EndGlobalSection
	GlobalSection(ExtensibilityGlobals) = postSolution
		SolutionGuid = {0AE6E11E-615A-439E-9673-6AE1C04C2E48}
	EndGlobalSection
EndGlobal
